// !$*UTF8*$!
{
	archiveVersion = 1;
	classes = {
	};
	objectVersion = 46;
	objects = {

/* Begin PBXBuildFile section */
		F498CDB31CB8A5A0006D7188 /* AppDelegate.swift in Sources */ = {isa = PBXBuildFile; fileRef = F498CDB21CB8A5A0006D7188 /* AppDelegate.swift */; };
		F498CDB51CB8A5A0006D7188 /* ViewController.swift in Sources */ = {isa = PBXBuildFile; fileRef = F498CDB41CB8A5A0006D7188 /* ViewController.swift */; };
		F498CDB81CB8A5A0006D7188 /* Main.storyboard in Resources */ = {isa = PBXBuildFile; fileRef = F498CDB61CB8A5A0006D7188 /* Main.storyboard */; };
		F498CDBA1CB8A5A0006D7188 /* Assets.xcassets in Resources */ = {isa = PBXBuildFile; fileRef = F498CDB91CB8A5A0006D7188 /* Assets.xcassets */; };
		F498CDBD1CB8A5A0006D7188 /* LaunchScreen.storyboard in Resources */ = {isa = PBXBuildFile; fileRef = F498CDBB1CB8A5A0006D7188 /* LaunchScreen.storyboard */; };
		F498CDC81CB8A5A1006D7188 /* MemeMeTests.swift in Sources */ = {isa = PBXBuildFile; fileRef = F498CDC71CB8A5A1006D7188 /* MemeMeTests.swift */; };
		F498CDD31CB8A5A1006D7188 /* MemeMeUITests.swift in Sources */ = {isa = PBXBuildFile; fileRef = F498CDD21CB8A5A1006D7188 /* MemeMeUITests.swift */; };
/* End PBXBuildFile section */

/* Begin PBXContainerItemProxy section */
		F498CDC41CB8A5A1006D7188 /* PBXContainerItemProxy */ = {
			isa = PBXContainerItemProxy;
			containerPortal = F498CDA71CB8A5A0006D7188 /* Project object */;
			proxyType = 1;
			remoteGlobalIDString = F498CDAE1CB8A5A0006D7188;
			remoteInfo = MemeMe;
		};
		F498CDCF1CB8A5A1006D7188 /* PBXContainerItemProxy */ = {
			isa = PBXContainerItemProxy;
			containerPortal = F498CDA71CB8A5A0006D7188 /* Project object */;
			proxyType = 1;
			remoteGlobalIDString = F498CDAE1CB8A5A0006D7188;
			remoteInfo = MemeMe;
		};
/* End PBXContainerItemProxy section */

/* Begin PBXFileReference section */
		F498CDAF1CB8A5A0006D7188 /* MemeMe.app */ = {isa = PBXFileReference; explicitFileType = wrapper.application; includeInIndex = 0; path = MemeMe.app; sourceTree = BUILT_PRODUCTS_DIR; };
		F498CDB21CB8A5A0006D7188 /* AppDelegate.swift */ = {isa = PBXFileReference; lastKnownFileType = sourcecode.swift; path = AppDelegate.swift; sourceTree = "<group>"; };
		F498CDB41CB8A5A0006D7188 /* ViewController.swift */ = {isa = PBXFileReference; lastKnownFileType = sourcecode.swift; path = ViewController.swift; sourceTree = "<group>"; };
		F498CDB71CB8A5A0006D7188 /* Base */ = {isa = PBXFileReference; lastKnownFileType = file.storyboard; name = Base; path = Base.lproj/Main.storyboard; sourceTree = "<group>"; };
		F498CDB91CB8A5A0006D7188 /* Assets.xcassets */ = {isa = PBXFileReference; lastKnownFileType = folder.assetcatalog; path = Assets.xcassets; sourceTree = "<group>"; };
		F498CDBC1CB8A5A0006D7188 /* Base */ = {isa = PBXFileReference; lastKnownFileType = file.storyboard; name = Base; path = Base.lproj/LaunchScreen.storyboard; sourceTree = "<group>"; };
		F498CDBE1CB8A5A0006D7188 /* Info.plist */ = {isa = PBXFileReference; lastKnownFileType = text.plist.xml; path = Info.plist; sourceTree = "<group>"; };
		F498CDC31CB8A5A1006D7188 /* MemeMeTests.xctest */ = {isa = PBXFileReference; explicitFileType = wrapper.cfbundle; includeInIndex = 0; path = MemeMeTests.xctest; sourceTree = BUILT_PRODUCTS_DIR; };
		F498CDC71CB8A5A1006D7188 /* MemeMeTests.swift */ = {isa = PBXFileReference; lastKnownFileType = sourcecode.swift; path = MemeMeTests.swift; sourceTree = "<group>"; };
		F498CDC91CB8A5A1006D7188 /* Info.plist */ = {isa = PBXFileReference; lastKnownFileType = text.plist.xml; path = Info.plist; sourceTree = "<group>"; };
		F498CDCE1CB8A5A1006D7188 /* MemeMeUITests.xctest */ = {isa = PBXFileReference; explicitFileType = wrapper.cfbundle; includeInIndex = 0; path = MemeMeUITests.xctest; sourceTree = BUILT_PRODUCTS_DIR; };
		F498CDD21CB8A5A1006D7188 /* MemeMeUITests.swift */ = {isa = PBXFileReference; lastKnownFileType = sourcecode.swift; path = MemeMeUITests.swift; sourceTree = "<group>"; };
		F498CDD41CB8A5A1006D7188 /* Info.plist */ = {isa = PBXFileReference; lastKnownFileType = text.plist.xml; path = Info.plist; sourceTree = "<group>"; };
/* End PBXFileReference section */

/* Begin PBXFrameworksBuildPhase section */
		F498CDAC1CB8A5A0006D7188 /* Frameworks */ = {
			isa = PBXFrameworksBuildPhase;
			buildActionMask = 2147483647;
			files = (
			);
			runOnlyForDeploymentPostprocessing = 0;
		};
		F498CDC01CB8A5A1006D7188 /* Frameworks */ = {
			isa = PBXFrameworksBuildPhase;
			buildActionMask = 2147483647;
			files = (
			);
			runOnlyForDeploymentPostprocessing = 0;
		};
		F498CDCB1CB8A5A1006D7188 /* Frameworks */ = {
			isa = PBXFrameworksBuildPhase;
			buildActionMask = 2147483647;
			files = (
			);
			runOnlyForDeploymentPostprocessing = 0;
		};
/* End PBXFrameworksBuildPhase section */

/* Begin PBXGroup section */
		F498CDA61CB8A5A0006D7188 = {
			isa = PBXGroup;
			children = (
				F498CDB11CB8A5A0006D7188 /* MemeMe */,
				F498CDC61CB8A5A1006D7188 /* MemeMeTests */,
				F498CDD11CB8A5A1006D7188 /* MemeMeUITests */,
				F498CDB01CB8A5A0006D7188 /* Products */,
			);
			sourceTree = "<group>";
		};
		F498CDB01CB8A5A0006D7188 /* Products */ = {
			isa = PBXGroup;
			children = (
				F498CDAF1CB8A5A0006D7188 /* MemeMe.app */,
				F498CDC31CB8A5A1006D7188 /* MemeMeTests.xctest */,
				F498CDCE1CB8A5A1006D7188 /* MemeMeUITests.xctest */,
			);
			name = Products;
			sourceTree = "<group>";
		};
		F498CDB11CB8A5A0006D7188 /* MemeMe */ = {
			isa = PBXGroup;
			children = (
				F498CDB21CB8A5A0006D7188 /* AppDelegate.swift */,
				F498CDB41CB8A5A0006D7188 /* ViewController.swift */,
				F498CDB61CB8A5A0006D7188 /* Main.storyboard */,
				F498CDB91CB8A5A0006D7188 /* Assets.xcassets */,
				F498CDBB1CB8A5A0006D7188 /* LaunchScreen.storyboard */,
				F498CDBE1CB8A5A0006D7188 /* Info.plist */,
			);
			path = MemeMe;
			sourceTree = "<group>";
		};
		F498CDC61CB8A5A1006D7188 /* MemeMeTests */ = {
			isa = PBXGroup;
			children = (
				F498CDC71CB8A5A1006D7188 /* MemeMeTests.swift */,
				F498CDC91CB8A5A1006D7188 /* Info.plist */,
			);
			path = MemeMeTests;
			sourceTree = "<group>";
		};
		F498CDD11CB8A5A1006D7188 /* MemeMeUITests */ = {
			isa = PBXGroup;
			children = (
				F498CDD21CB8A5A1006D7188 /* MemeMeUITests.swift */,
				F498CDD41CB8A5A1006D7188 /* Info.plist */,
			);
			path = MemeMeUITests;
			sourceTree = "<group>";
		};
/* End PBXGroup section */

/* Begin PBXNativeTarget section */
		F498CDAE1CB8A5A0006D7188 /* MemeMe */ = {
			isa = PBXNativeTarget;
			buildConfigurationList = F498CDD71CB8A5A1006D7188 /* Build configuration list for PBXNativeTarget "MemeMe" */;
			buildPhases = (
				F498CDAB1CB8A5A0006D7188 /* Sources */,
				F498CDAC1CB8A5A0006D7188 /* Frameworks */,
				F498CDAD1CB8A5A0006D7188 /* Resources */,
			);
			buildRules = (
			);
			dependencies = (
			);
			name = MemeMe;
			productName = MemeMe;
			productReference = F498CDAF1CB8A5A0006D7188 /* MemeMe.app */;
			productType = "com.apple.product-type.application";
		};
		F498CDC21CB8A5A1006D7188 /* MemeMeTests */ = {
			isa = PBXNativeTarget;
			buildConfigurationList = F498CDDA1CB8A5A1006D7188 /* Build configuration list for PBXNativeTarget "MemeMeTests" */;
			buildPhases = (
				F498CDBF1CB8A5A1006D7188 /* Sources */,
				F498CDC01CB8A5A1006D7188 /* Frameworks */,
				F498CDC11CB8A5A1006D7188 /* Resources */,
			);
			buildRules = (
			);
			dependencies = (
				F498CDC51CB8A5A1006D7188 /* PBXTargetDependency */,
			);
			name = MemeMeTests;
			productName = MemeMeTests;
			productReference = F498CDC31CB8A5A1006D7188 /* MemeMeTests.xctest */;
			productType = "com.apple.product-type.bundle.unit-test";
		};
		F498CDCD1CB8A5A1006D7188 /* MemeMeUITests */ = {
			isa = PBXNativeTarget;
			buildConfigurationList = F498CDDD1CB8A5A1006D7188 /* Build configuration list for PBXNativeTarget "MemeMeUITests" */;
			buildPhases = (
				F498CDCA1CB8A5A1006D7188 /* Sources */,
				F498CDCB1CB8A5A1006D7188 /* Frameworks */,
				F498CDCC1CB8A5A1006D7188 /* Resources */,
			);
			buildRules = (
			);
			dependencies = (
				F498CDD01CB8A5A1006D7188 /* PBXTargetDependency */,
			);
			name = MemeMeUITests;
			productName = MemeMeUITests;
			productReference = F498CDCE1CB8A5A1006D7188 /* MemeMeUITests.xctest */;
			productType = "com.apple.product-type.bundle.ui-testing";
		};
/* End PBXNativeTarget section */

/* Begin PBXProject section */
		F498CDA71CB8A5A0006D7188 /* Project object */ = {
			isa = PBXProject;
			attributes = {
				LastSwiftUpdateCheck = 0730;
				LastUpgradeCheck = 0730;
				ORGANIZATIONNAME = "Simon Kim";
				TargetAttributes = {
					F498CDAE1CB8A5A0006D7188 = {
						CreatedOnToolsVersion = 7.3;
					};
					F498CDC21CB8A5A1006D7188 = {
						CreatedOnToolsVersion = 7.3;
						TestTargetID = F498CDAE1CB8A5A0006D7188;
					};
					F498CDCD1CB8A5A1006D7188 = {
						CreatedOnToolsVersion = 7.3;
						TestTargetID = F498CDAE1CB8A5A0006D7188;
					};
				};
			};
			buildConfigurationList = F498CDAA1CB8A5A0006D7188 /* Build configuration list for PBXProject "MemeMe" */;
			compatibilityVersion = "Xcode 3.2";
			developmentRegion = English;
			hasScannedForEncodings = 0;
			knownRegions = (
				en,
				Base,
			);
			mainGroup = F498CDA61CB8A5A0006D7188;
			productRefGroup = F498CDB01CB8A5A0006D7188 /* Products */;
			projectDirPath = "";
			projectRoot = "";
			targets = (
				F498CDAE1CB8A5A0006D7188 /* MemeMe */,
				F498CDC21CB8A5A1006D7188 /* MemeMeTests */,
				F498CDCD1CB8A5A1006D7188 /* MemeMeUITests */,
			);
		};
/* End PBXProject section */

/* Begin PBXResourcesBuildPhase section */
		F498CDAD1CB8A5A0006D7188 /* Resources */ = {
			isa = PBXResourcesBuildPhase;
			buildActionMask = 2147483647;
			files = (
				F498CDBD1CB8A5A0006D7188 /* LaunchScreen.storyboard in Resources */,
				F498CDBA1CB8A5A0006D7188 /* Assets.xcassets in Resources */,
				F498CDB81CB8A5A0006D7188 /* Main.storyboard in Resources */,
			);
			runOnlyForDeploymentPostprocessing = 0;
		};
		F498CDC11CB8A5A1006D7188 /* Resources */ = {
			isa = PBXResourcesBuildPhase;
			buildActionMask = 2147483647;
			files = (
			);
			runOnlyForDeploymentPostprocessing = 0;
		};
		F498CDCC1CB8A5A1006D7188 /* Resources */ = {
			isa = PBXResourcesBuildPhase;
			buildActionMask = 2147483647;
			files = (
			);
			runOnlyForDeploymentPostprocessing = 0;
		};
/* End PBXResourcesBuildPhase section */

/* Begin PBXSourcesBuildPhase section */
		F498CDAB1CB8A5A0006D7188 /* Sources */ = {
			isa = PBXSourcesBuildPhase;
			buildActionMask = 2147483647;
			files = (
				F498CDB51CB8A5A0006D7188 /* ViewController.swift in Sources */,
				F498CDB31CB8A5A0006D7188 /* AppDelegate.swift in Sources */,
			);
			runOnlyForDeploymentPostprocessing = 0;
		};
		F498CDBF1CB8A5A1006D7188 /* Sources */ = {
			isa = PBXSourcesBuildPhase;
			buildActionMask = 2147483647;
			files = (
				F498CDC81CB8A5A1006D7188 /* MemeMeTests.swift in Sources */,
			);
			runOnlyForDeploymentPostprocessing = 0;
		};
		F498CDCA1CB8A5A1006D7188 /* Sources */ = {
			isa = PBXSourcesBuildPhase;
			buildActionMask = 2147483647;
			files = (
				F498CDD31CB8A5A1006D7188 /* MemeMeUITests.swift in Sources */,
			);
			runOnlyForDeploymentPostprocessing = 0;
		};
/* End PBXSourcesBuildPhase section */

/* Begin PBXTargetDependency section */
		F498CDC51CB8A5A1006D7188 /* PBXTargetDependency */ = {
			isa = PBXTargetDependency;
			target = F498CDAE1CB8A5A0006D7188 /* MemeMe */;
			targetProxy = F498CDC41CB8A5A1006D7188 /* PBXContainerItemProxy */;
		};
		F498CDD01CB8A5A1006D7188 /* PBXTargetDependency */ = {
			isa = PBXTargetDependency;
			target = F498CDAE1CB8A5A0006D7188 /* MemeMe */;
			targetProxy = F498CDCF1CB8A5A1006D7188 /* PBXContainerItemProxy */;
		};
/* End PBXTargetDependency section */

/* Begin PBXVariantGroup section */
		F498CDB61CB8A5A0006D7188 /* Main.storyboard */ = {
			isa = PBXVariantGroup;
			children = (
				F498CDB71CB8A5A0006D7188 /* Base */,
			);
			name = Main.storyboard;
			sourceTree = "<group>";
		};
		F498CDBB1CB8A5A0006D7188 /* LaunchScreen.storyboard */ = {
			isa = PBXVariantGroup;
			children = (
				F498CDBC1CB8A5A0006D7188 /* Base */,
			);
			name = LaunchScreen.storyboard;
			sourceTree = "<group>";
		};
/* End PBXVariantGroup section */

/* Begin XCBuildConfiguration section */
		F498CDD51CB8A5A1006D7188 /* Debug */ = {
			isa = XCBuildConfiguration;
			buildSettings = {
				ALWAYS_SEARCH_USER_PATHS = NO;
				CLANG_ANALYZER_NONNULL = YES;
				CLANG_CXX_LANGUAGE_STANDARD = "gnu++0x";
				CLANG_CXX_LIBRARY = "libc++";
				CLANG_ENABLE_MODULES = YES;
				CLANG_ENABLE_OBJC_ARC = YES;
				CLANG_WARN_BOOL_CONVERSION = YES;
				CLANG_WARN_CONSTANT_CONVERSION = YES;
				CLANG_WARN_DIRECT_OBJC_ISA_USAGE = YES_ERROR;
				CLANG_WARN_EMPTY_BODY = YES;
				CLANG_WARN_ENUM_CONVERSION = YES;
				CLANG_WARN_INT_CONVERSION = YES;
				CLANG_WARN_OBJC_ROOT_CLASS = YES_ERROR;
				CLANG_WARN_UNREACHABLE_CODE = YES;
				CLANG_WARN__DUPLICATE_METHOD_MATCH = YES;
				"CODE_SIGN_IDENTITY[sdk=iphoneos*]" = "iPhone Developer";
				COPY_PHASE_STRIP = NO;
				DEBUG_INFORMATION_FORMAT = dwarf;
				ENABLE_STRICT_OBJC_MSGSEND = YES;
				ENABLE_TESTABILITY = YES;
				GCC_C_LANGUAGE_STANDARD = gnu99;
				GCC_DYNAMIC_NO_PIC = NO;
				GCC_NO_COMMON_BLOCKS = YES;
				GCC_OPTIMIZATION_LEVEL = 0;
				GCC_PREPROCESSOR_DEFINITIONS = (
					"DEBUG=1",
					"$(inherited)",
				);
				GCC_WARN_64_TO_32_BIT_CONVERSION = YES;
				GCC_WARN_ABOUT_RETURN_TYPE = YES_ERROR;
				GCC_WARN_UNDECLARED_SELECTOR = YES;
				GCC_WARN_UNINITIALIZED_AUTOS = YES_AGGRESSIVE;
				GCC_WARN_UNUSED_FUNCTION = YES;
				GCC_WARN_UNUSED_VARIABLE = YES;
				IPHONEOS_DEPLOYMENT_TARGET = 9.3;
				MTL_ENABLE_DEBUG_INFO = YES;
				ONLY_ACTIVE_ARCH = YES;
				SDKROOT = iphoneos;
				SWIFT_OPTIMIZATION_LEVEL = "-Onone";
				TARGETED_DEVICE_FAMILY = "1,2";
			};
			name = Debug;
		};
		F498CDD61CB8A5A1006D7188 /* Release */ = {
			isa = XCBuildConfiguration;
			buildSettings = {
				ALWAYS_SEARCH_USER_PATHS = NO;
				CLANG_ANALYZER_NONNULL = YES;
				CLANG_CXX_LANGUAGE_STANDARD = "gnu++0x";
				CLANG_CXX_LIBRARY = "libc++";
				CLANG_ENABLE_MODULES = YES;
				CLANG_ENABLE_OBJC_ARC = YES;
				CLANG_WARN_BOOL_CONVERSION = YES;
				CLANG_WARN_CONSTANT_CONVERSION = YES;
				CLANG_WARN_DIRECT_OBJC_ISA_USAGE = YES_ERROR;
				CLANG_WARN_EMPTY_BODY = YES;
				CLANG_WARN_ENUM_CONVERSION = YES;
				CLANG_WARN_INT_CONVERSION = YES;
				CLANG_WARN_OBJC_ROOT_CLASS = YES_ERROR;
				CLANG_WARN_UNREACHABLE_CODE = YES;
				CLANG_WARN__DUPLICATE_METHOD_MATCH = YES;
				"CODE_SIGN_IDENTITY[sdk=iphoneos*]" = "iPhone Developer";
				COPY_PHASE_STRIP = NO;
				DEBUG_INFORMATION_FORMAT = "dwarf-with-dsym";
				ENABLE_NS_ASSERTIONS = NO;
				ENABLE_STRICT_OBJC_MSGSEND = YES;
				GCC_C_LANGUAGE_STANDARD = gnu99;
				GCC_NO_COMMON_BLOCKS = YES;
				GCC_WARN_64_TO_32_BIT_CONVERSION = YES;
				GCC_WARN_ABOUT_RETURN_TYPE = YES_ERROR;
				GCC_WARN_UNDECLARED_SELECTOR = YES;
				GCC_WARN_UNINITIALIZED_AUTOS = YES_AGGRESSIVE;
				GCC_WARN_UNUSED_FUNCTION = YES;
				GCC_WARN_UNUSED_VARIABLE = YES;
				IPHONEOS_DEPLOYMENT_TARGET = 9.3;
				MTL_ENABLE_DEBUG_INFO = NO;
				SDKROOT = iphoneos;
				TARGETED_DEVICE_FAMILY = "1,2";
				VALIDATE_PRODUCT = YES;
			};
			name = Release;
		};
		F498CDD81CB8A5A1006D7188 /* Debug */ = {
			isa = XCBuildConfiguration;
			buildSettings = {
				ASSETCATALOG_COMPILER_APPICON_NAME = AppIcon;
				INFOPLIST_FILE = MemeMe/Info.plist;
				LD_RUNPATH_SEARCH_PATHS = "$(inherited) @executable_path/Frameworks";
				PRODUCT_BUNDLE_IDENTIFIER = com.simonskim.MemeMe;
				PRODUCT_NAME = "$(TARGET_NAME)";
			};
			name = Debug;
		};
		F498CDD91CB8A5A1006D7188 /* Release */ = {
			isa = XCBuildConfiguration;
			buildSettings = {
				ASSETCATALOG_COMPILER_APPICON_NAME = AppIcon;
				INFOPLIST_FILE = MemeMe/Info.plist;
				LD_RUNPATH_SEARCH_PATHS = "$(inherited) @executable_path/Frameworks";
				PRODUCT_BUNDLE_IDENTIFIER = com.simonskim.MemeMe;
				PRODUCT_NAME = "$(TARGET_NAME)";
			};
			name = Release;
		};
		F498CDDB1CB8A5A1006D7188 /* Debug */ = {
			isa = XCBuildConfiguration;
			buildSettings = {
				BUNDLE_LOADER = "$(TEST_HOST)";
				INFOPLIST_FILE = MemeMeTests/Info.plist;
				LD_RUNPATH_SEARCH_PATHS = "$(inherited) @executable_path/Frameworks @loader_path/Frameworks";
				PRODUCT_BUNDLE_IDENTIFIER = com.simonskim.MemeMeTests;
				PRODUCT_NAME = "$(TARGET_NAME)";
				TEST_HOST = "$(BUILT_PRODUCTS_DIR)/MemeMe.app/MemeMe";
			};
			name = Debug;
		};
		F498CDDC1CB8A5A1006D7188 /* Release */ = {
			isa = XCBuildConfiguration;
			buildSettings = {
				BUNDLE_LOADER = "$(TEST_HOST)";
				INFOPLIST_FILE = MemeMeTests/Info.plist;
				LD_RUNPATH_SEARCH_PATHS = "$(inherited) @executable_path/Frameworks @loader_path/Frameworks";
				PRODUCT_BUNDLE_IDENTIFIER = com.simonskim.MemeMeTests;
				PRODUCT_NAME = "$(TARGET_NAME)";
				TEST_HOST = "$(BUILT_PRODUCTS_DIR)/MemeMe.app/MemeMe";
			};
			name = Release;
		};
		F498CDDE1CB8A5A1006D7188 /* Debug */ = {
			isa = XCBuildConfiguration;
			buildSettings = {
				INFOPLIST_FILE = MemeMeUITests/Info.plist;
				LD_RUNPATH_SEARCH_PATHS = "$(inherited) @executable_path/Frameworks @loader_path/Frameworks";
				PRODUCT_BUNDLE_IDENTIFIER = com.simonskim.MemeMeUITests;
				PRODUCT_NAME = "$(TARGET_NAME)";
				TEST_TARGET_NAME = MemeMe;
			};
			name = Debug;
		};
		F498CDDF1CB8A5A1006D7188 /* Release */ = {
			isa = XCBuildConfiguration;
			buildSettings = {
				INFOPLIST_FILE = MemeMeUITests/Info.plist;
				LD_RUNPATH_SEARCH_PATHS = "$(inherited) @executable_path/Frameworks @loader_path/Frameworks";
				PRODUCT_BUNDLE_IDENTIFIER = com.simonskim.MemeMeUITests;
				PRODUCT_NAME = "$(TARGET_NAME)";
				TEST_TARGET_NAME = MemeMe;
			};
			name = Release;
		};
/* End XCBuildConfiguration section */

/* Begin XCConfigurationList section */
		F498CDAA1CB8A5A0006D7188 /* Build configuration list for PBXProject "MemeMe" */ = {
			isa = XCConfigurationList;
			buildConfigurations = (
				F498CDD51CB8A5A1006D7188 /* Debug */,
				F498CDD61CB8A5A1006D7188 /* Release */,
			);
			defaultConfigurationIsVisible = 0;
			defaultConfigurationName = Release;
		};
		F498CDD71CB8A5A1006D7188 /* Build configuration list for PBXNativeTarget "MemeMe" */ = {
			isa = XCConfigurationList;
			buildConfigurations = (
				F498CDD81CB8A5A1006D7188 /* Debug */,
				F498CDD91CB8A5A1006D7188 /* Release */,
			);
			defaultConfigurationIsVisible = 0;
		};
		F498CDDA1CB8A5A1006D7188 /* Build configuration list for PBXNativeTarget "MemeMeTests" */ = {
			isa = XCConfigurationList;
			buildConfigurations = (
				F498CDDB1CB8A5A1006D7188 /* Debug */,
				F498CDDC1CB8A5A1006D7188 /* Release */,
			);
			defaultConfigurationIsVisible = 0;
		};
		F498CDDD1CB8A5A1006D7188 /* Build configuration list for PBXNativeTarget "MemeMeUITests" */ = {
			isa = XCConfigurationList;
			buildConfigurations = (
				F498CDDE1CB8A5A1006D7188 /* Debug */,
				F498CDDF1CB8A5A1006D7188 /* Release */,
			);
			defaultConfigurationIsVisible = 0;
		};
/* End XCConfigurationList section */
	};
	rootObject = F498CDA71CB8A5A0006D7188 /* Project object */;
}
